{
  "requires": true,
  "lockfileVersion": 1,
  "dependencies": {
    "@types/node": {
      "version": "14.0.5",
      "resolved": "https://registry.npmjs.org/@types/node/-/node-14.0.5.tgz",
      "integrity": "sha512-90hiq6/VqtQgX8Sp0EzeIsv3r+ellbGj4URKj5j30tLlZvRUpnAe9YbYnjl3pJM93GyXU0tghHhvXHq+5rnCKA=="
    },
    "@types/papaparse": {
      "version": "5.0.3",
      "resolved": "https://registry.npmjs.org/@types/papaparse/-/papaparse-5.0.3.tgz",
      "integrity": "sha512-SgWGWnBGxl6XgjKDM2eoDg163ZFQtH6m6C2aOuaAf1T2gUB3rjaiPDDARbY9WlacRgZqieRG9imAfJaJ+5ouDA==",
      "requires": {
        "@types/node": "*"
      }
    },
    "papaparse": {
      "version": "5.2.0",
      "resolved": "https://registry.npmjs.org/papaparse/-/papaparse-5.2.0.tgz",
      "integrity": "sha512-ylq1wgUSnagU+MKQtNeVqrPhZuMYBvOSL00DHycFTCxownF95gpLAk1HiHdUW77N8yxRq1qHXLdlIPyBSG9NSA=="
    },
    "react-csv-reader": {
      "version": "3.0.6",
      "resolved": "https://registry.npmjs.org/react-csv-reader/-/react-csv-reader-3.0.6.tgz",
      "integrity": "sha512-xxkbHgN0Uy1xkFJsyCfdagG6JJKSZ6QRmVisKNzl/LwvF+uMMUqLKebQC0+SPLxIUXOWjIZo7P+Ob+MtHrWn4Q==",
      "requires": {
        "@types/papaparse": "^5.0.3",
        "papaparse": "^5.1.1"
      }
    },
    "react-csv-to-table": {
      "version": "0.0.4",
      "resolved": "https://registry.npmjs.org/react-csv-to-table/-/react-csv-to-table-0.0.4.tgz",
      "integrity": "sha512-YHdhavi7WgksHn3/S/pIHDy4zepeYjTQkTfmKcQv976OwNSWIUB7RlYJKmCFXAgfqkbiCNbtEIHnX1n3/rTfJA=="
    }
  }
}
